// !$*UTF8*$!
{
	archiveVersion = 1;
	classes = {
	};
	objectVersion = 56;
	objects = {

/* Begin PBXBuildFile section */
		CF67474B2CF8A3FC00E9A704 /* AddTableViewController.swift in Sources */ = {isa = PBXBuildFile; fileRef = CF6747492CF8A3FC00E9A704 /* AddTableViewController.swift */; };
		CF67474C2CF8A3FC00E9A704 /* Admin.storyboard in Resources */ = {isa = PBXBuildFile; fileRef = CF67474A2CF8A3FC00E9A704 /* Admin.storyboard */; };
		CF67474E2CF8A44B00E9A704 /* StoreOwner.storyboard in Resources */ = {isa = PBXBuildFile; fileRef = CF67474D2CF8A44B00E9A704 /* StoreOwner.storyboard */; };
		CF6747532CF8A8BB00E9A704 /* FirebaseAuth in Frameworks */ = {isa = PBXBuildFile; productRef = CF6747522CF8A8BB00E9A704 /* FirebaseAuth */; };
		CF6747552CF8A8BB00E9A704 /* FirebaseCore in Frameworks */ = {isa = PBXBuildFile; productRef = CF6747542CF8A8BB00E9A704 /* FirebaseCore */; };
		CF6747572CF8A8BB00E9A704 /* FirebaseDatabase in Frameworks */ = {isa = PBXBuildFile; productRef = CF6747562CF8A8BB00E9A704 /* FirebaseDatabase */; };
		CF6747592CF8A8BB00E9A704 /* FirebaseStorage in Frameworks */ = {isa = PBXBuildFile; productRef = CF6747582CF8A8BB00E9A704 /* FirebaseStorage */; };
		CF67475C2CF8AE2500E9A704 /* FirebaseFirestore in Frameworks */ = {isa = PBXBuildFile; productRef = CF67475B2CF8AE2500E9A704 /* FirebaseFirestore */; };
		CF67475E2CF8B0A700E9A704 /* GoogleService-Info.plist in Resources */ = {isa = PBXBuildFile; fileRef = CF67475D2CF8B0A700E9A704 /* GoogleService-Info.plist */; };
		CF6747602CF8B61000E9A704 /* Setting.storyboard in Resources */ = {isa = PBXBuildFile; fileRef = CF67475F2CF8B61000E9A704 /* Setting.storyboard */; };
		CF6747622CF8BC2600E9A704 /* CustomerHome.storyboard in Resources */ = {isa = PBXBuildFile; fileRef = CF6747612CF8BC2600E9A704 /* CustomerHome.storyboard */; };
		CF6747642CF8BC3E00E9A704 /* OrderHistory.storyboard in Resources */ = {isa = PBXBuildFile; fileRef = CF6747632CF8BC3E00E9A704 /* OrderHistory.storyboard */; };
		CF6747682CF8BC7F00E9A704 /* ImpactTracker.storyboard in Resources */ = {isa = PBXBuildFile; fileRef = CF6747672CF8BC7F00E9A704 /* ImpactTracker.storyboard */; };
		CF67476A2CF8BC8C00E9A704 /* Cart.storyboard in Resources */ = {isa = PBXBuildFile; fileRef = CF6747692CF8BC8C00E9A704 /* Cart.storyboard */; };
		CF67476C2CF8BCA100E9A704 /* StoreOrders.storyboard in Resources */ = {isa = PBXBuildFile; fileRef = CF67476B2CF8BCA100E9A704 /* StoreOrders.storyboard */; };
		CF67476E2CF8BCAE00E9A704 /* ProductDetails.storyboard in Resources */ = {isa = PBXBuildFile; fileRef = CF67476D2CF8BCAE00E9A704 /* ProductDetails.storyboard */; };
		CF6747702CF8BE6A00E9A704 /* SettingController.swift in Sources */ = {isa = PBXBuildFile; fileRef = CF67476F2CF8BE6A00E9A704 /* SettingController.swift */; };
		CF8D786E2CF5ED6400A59136 /* AppDelegate.swift in Sources */ = {isa = PBXBuildFile; fileRef = CF8D786D2CF5ED6400A59136 /* AppDelegate.swift */; };
		CF8D78702CF5ED6400A59136 /* SceneDelegate.swift in Sources */ = {isa = PBXBuildFile; fileRef = CF8D786F2CF5ED6400A59136 /* SceneDelegate.swift */; };
		CF8D78722CF5ED6400A59136 /* ViewController.swift in Sources */ = {isa = PBXBuildFile; fileRef = CF8D78712CF5ED6400A59136 /* ViewController.swift */; };
		CF8D78752CF5ED6400A59136 /* Main.storyboard in Resources */ = {isa = PBXBuildFile; fileRef = CF8D78732CF5ED6400A59136 /* Main.storyboard */; };
		CF8D78772CF5ED6600A59136 /* Assets.xcassets in Resources */ = {isa = PBXBuildFile; fileRef = CF8D78762CF5ED6600A59136 /* Assets.xcassets */; };
		CF8D787A2CF5ED6600A59136 /* LaunchScreen.storyboard in Resources */ = {isa = PBXBuildFile; fileRef = CF8D78782CF5ED6600A59136 /* LaunchScreen.storyboard */; };
		CF8D78852CF5ED6600A59136 /* GreenlyTests.swift in Sources */ = {isa = PBXBuildFile; fileRef = CF8D78842CF5ED6600A59136 /* GreenlyTests.swift */; };
		CF8D788F2CF5ED6700A59136 /* GreenlyUITests.swift in Sources */ = {isa = PBXBuildFile; fileRef = CF8D788E2CF5ED6700A59136 /* GreenlyUITests.swift */; };
		CF8D78912CF5ED6700A59136 /* GreenlyUITestsLaunchTests.swift in Sources */ = {isa = PBXBuildFile; fileRef = CF8D78902CF5ED6700A59136 /* GreenlyUITestsLaunchTests.swift */; };
/* End PBXBuildFile section */

/* Begin PBXContainerItemProxy section */
		CF8D78812CF5ED6600A59136 /* PBXContainerItemProxy */ = {
			isa = PBXContainerItemProxy;
			containerPortal = CF8D78622CF5ED6400A59136 /* Project object */;
			proxyType = 1;
			remoteGlobalIDString = CF8D78692CF5ED6400A59136;
			remoteInfo = Greenly;
		};
		CF8D788B2CF5ED6700A59136 /* PBXContainerItemProxy */ = {
			isa = PBXContainerItemProxy;
			containerPortal = CF8D78622CF5ED6400A59136 /* Project object */;
			proxyType = 1;
			remoteGlobalIDString = CF8D78692CF5ED6400A59136;
			remoteInfo = Greenly;
		};
/* End PBXContainerItemProxy section */

/* Begin PBXFileReference section */
		CF6747492CF8A3FC00E9A704 /* AddTableViewController.swift */ = {isa = PBXFileReference; fileEncoding = 4; lastKnownFileType = sourcecode.swift; path = AddTableViewController.swift; sourceTree = "<group>"; };
		CF67474A2CF8A3FC00E9A704 /* Admin.storyboard */ = {isa = PBXFileReference; fileEncoding = 4; lastKnownFileType = file.storyboard; path = Admin.storyboard; sourceTree = "<group>"; };
		CF67474D2CF8A44B00E9A704 /* StoreOwner.storyboard */ = {isa = PBXFileReference; fileEncoding = 4; lastKnownFileType = file.storyboard; path = StoreOwner.storyboard; sourceTree = "<group>"; };
		CF67475D2CF8B0A700E9A704 /* GoogleService-Info.plist */ = {isa = PBXFileReference; fileEncoding = 4; lastKnownFileType = text.plist.xml; path = "GoogleService-Info.plist"; sourceTree = "<group>"; };
		CF67475F2CF8B61000E9A704 /* Setting.storyboard */ = {isa = PBXFileReference; lastKnownFileType = file.storyboard; path = Setting.storyboard; sourceTree = "<group>"; };
		CF6747612CF8BC2600E9A704 /* CustomerHome.storyboard */ = {isa = PBXFileReference; lastKnownFileType = file.storyboard; path = CustomerHome.storyboard; sourceTree = "<group>"; };
		CF6747632CF8BC3E00E9A704 /* OrderHistory.storyboard */ = {isa = PBXFileReference; lastKnownFileType = file.storyboard; path = OrderHistory.storyboard; sourceTree = "<group>"; };
		CF6747672CF8BC7F00E9A704 /* ImpactTracker.storyboard */ = {isa = PBXFileReference; lastKnownFileType = file.storyboard; path = ImpactTracker.storyboard; sourceTree = "<group>"; };
		CF6747692CF8BC8C00E9A704 /* Cart.storyboard */ = {isa = PBXFileReference; lastKnownFileType = file.storyboard; path = Cart.storyboard; sourceTree = "<group>"; };
		CF67476B2CF8BCA100E9A704 /* StoreOrders.storyboard */ = {isa = PBXFileReference; lastKnownFileType = file.storyboard; path = StoreOrders.storyboard; sourceTree = "<group>"; };
		CF67476D2CF8BCAE00E9A704 /* ProductDetails.storyboard */ = {isa = PBXFileReference; lastKnownFileType = file.storyboard; path = ProductDetails.storyboard; sourceTree = "<group>"; };
		CF67476F2CF8BE6A00E9A704 /* SettingController.swift */ = {isa = PBXFileReference; lastKnownFileType = sourcecode.swift; path = SettingController.swift; sourceTree = "<group>"; };
		CF8D786A2CF5ED6400A59136 /* Greenly.app */ = {isa = PBXFileReference; explicitFileType = wrapper.application; includeInIndex = 0; path = Greenly.app; sourceTree = BUILT_PRODUCTS_DIR; };
		CF8D786D2CF5ED6400A59136 /* AppDelegate.swift */ = {isa = PBXFileReference; lastKnownFileType = sourcecode.swift; path = AppDelegate.swift; sourceTree = "<group>"; };
		CF8D786F2CF5ED6400A59136 /* SceneDelegate.swift */ = {isa = PBXFileReference; lastKnownFileType = sourcecode.swift; path = SceneDelegate.swift; sourceTree = "<group>"; };
		CF8D78712CF5ED6400A59136 /* ViewController.swift */ = {isa = PBXFileReference; lastKnownFileType = sourcecode.swift; path = ViewController.swift; sourceTree = "<group>"; };
		CF8D78742CF5ED6400A59136 /* Base */ = {isa = PBXFileReference; lastKnownFileType = file.storyboard; name = Base; path = Base.lproj/Main.storyboard; sourceTree = "<group>"; };
		CF8D78762CF5ED6600A59136 /* Assets.xcassets */ = {isa = PBXFileReference; lastKnownFileType = folder.assetcatalog; path = Assets.xcassets; sourceTree = "<group>"; };
		CF8D78792CF5ED6600A59136 /* Base */ = {isa = PBXFileReference; lastKnownFileType = file.storyboard; name = Base; path = Base.lproj/LaunchScreen.storyboard; sourceTree = "<group>"; };
		CF8D787B2CF5ED6600A59136 /* Info.plist */ = {isa = PBXFileReference; lastKnownFileType = text.plist.xml; path = Info.plist; sourceTree = "<group>"; };
		CF8D78802CF5ED6600A59136 /* GreenlyTests.xctest */ = {isa = PBXFileReference; explicitFileType = wrapper.cfbundle; includeInIndex = 0; path = GreenlyTests.xctest; sourceTree = BUILT_PRODUCTS_DIR; };
		CF8D78842CF5ED6600A59136 /* GreenlyTests.swift */ = {isa = PBXFileReference; lastKnownFileType = sourcecode.swift; path = GreenlyTests.swift; sourceTree = "<group>"; };
		CF8D788A2CF5ED6700A59136 /* GreenlyUITests.xctest */ = {isa = PBXFileReference; explicitFileType = wrapper.cfbundle; includeInIndex = 0; path = GreenlyUITests.xctest; sourceTree = BUILT_PRODUCTS_DIR; };
		CF8D788E2CF5ED6700A59136 /* GreenlyUITests.swift */ = {isa = PBXFileReference; lastKnownFileType = sourcecode.swift; path = GreenlyUITests.swift; sourceTree = "<group>"; };
		CF8D78902CF5ED6700A59136 /* GreenlyUITestsLaunchTests.swift */ = {isa = PBXFileReference; lastKnownFileType = sourcecode.swift; path = GreenlyUITestsLaunchTests.swift; sourceTree = "<group>"; };
/* End PBXFileReference section */

/* Begin PBXFrameworksBuildPhase section */
		CF8D78672CF5ED6400A59136 /* Frameworks */ = {
			isa = PBXFrameworksBuildPhase;
			buildActionMask = 2147483647;
			files = (
				CF6747572CF8A8BB00E9A704 /* FirebaseDatabase in Frameworks */,
				CF6747592CF8A8BB00E9A704 /* FirebaseStorage in Frameworks */,
				CF6747552CF8A8BB00E9A704 /* FirebaseCore in Frameworks */,
				CF67475C2CF8AE2500E9A704 /* FirebaseFirestore in Frameworks */,
				CF6747532CF8A8BB00E9A704 /* FirebaseAuth in Frameworks */,
			);
			runOnlyForDeploymentPostprocessing = 0;
		};
		CF8D787D2CF5ED6600A59136 /* Frameworks */ = {
			isa = PBXFrameworksBuildPhase;
			buildActionMask = 2147483647;
			files = (
			);
			runOnlyForDeploymentPostprocessing = 0;
		};
		CF8D78872CF5ED6700A59136 /* Frameworks */ = {
			isa = PBXFrameworksBuildPhase;
			buildActionMask = 2147483647;
			files = (
			);
			runOnlyForDeploymentPostprocessing = 0;
		};
/* End PBXFrameworksBuildPhase section */

/* Begin PBXGroup section */
		CF6747402CF89F6E00E9A704 /* Controller */ = {
			isa = PBXGroup;
			children = (
				CF6747492CF8A3FC00E9A704 /* AddTableViewController.swift */,
				CF8D78712CF5ED6400A59136 /* ViewController.swift */,
				CF67476F2CF8BE6A00E9A704 /* SettingController.swift */,
			);
			path = Controller;
			sourceTree = "<group>";
		};
		CF6747412CF89F8100E9A704 /* Model */ = {
			isa = PBXGroup;
			children = (
			);
			path = Model;
			sourceTree = "<group>";
		};
		CF6747422CF89F9300E9A704 /* Storyboard */ = {
			isa = PBXGroup;
			children = (
				CF67474D2CF8A44B00E9A704 /* StoreOwner.storyboard */,
				CF67474A2CF8A3FC00E9A704 /* Admin.storyboard */,
				CF8D78732CF5ED6400A59136 /* Main.storyboard */,
				CF67475F2CF8B61000E9A704 /* Setting.storyboard */,
				CF6747612CF8BC2600E9A704 /* CustomerHome.storyboard */,
				CF6747632CF8BC3E00E9A704 /* OrderHistory.storyboard */,
				CF6747672CF8BC7F00E9A704 /* ImpactTracker.storyboard */,
				CF6747692CF8BC8C00E9A704 /* Cart.storyboard */,
				CF67476B2CF8BCA100E9A704 /* StoreOrders.storyboard */,
				CF67476D2CF8BCAE00E9A704 /* ProductDetails.storyboard */,
			);
			path = Storyboard;
			sourceTree = "<group>";
		};
		CF67475A2CF8AE2500E9A704 /* Frameworks */ = {
			isa = PBXGroup;
			children = (
			);
			name = Frameworks;
			sourceTree = "<group>";
		};
		CF8D78612CF5ED6400A59136 = {
			isa = PBXGroup;
			children = (
				CF8D786C2CF5ED6400A59136 /* Greenly */,
				CF8D78832CF5ED6600A59136 /* GreenlyTests */,
				CF8D788D2CF5ED6700A59136 /* GreenlyUITests */,
				CF8D786B2CF5ED6400A59136 /* Products */,
				CF67475A2CF8AE2500E9A704 /* Frameworks */,
			);
			sourceTree = "<group>";
		};
		CF8D786B2CF5ED6400A59136 /* Products */ = {
			isa = PBXGroup;
			children = (
				CF8D786A2CF5ED6400A59136 /* Greenly.app */,
				CF8D78802CF5ED6600A59136 /* GreenlyTests.xctest */,
				CF8D788A2CF5ED6700A59136 /* GreenlyUITests.xctest */,
			);
			name = Products;
			sourceTree = "<group>";
		};
		CF8D786C2CF5ED6400A59136 /* Greenly */ = {
			isa = PBXGroup;
			children = (
				CF67475D2CF8B0A700E9A704 /* GoogleService-Info.plist */,
				CF6747422CF89F9300E9A704 /* Storyboard */,
				CF6747412CF89F8100E9A704 /* Model */,
				CF6747402CF89F6E00E9A704 /* Controller */,
				CF8D786D2CF5ED6400A59136 /* AppDelegate.swift */,
				CF8D786F2CF5ED6400A59136 /* SceneDelegate.swift */,
				CF8D78762CF5ED6600A59136 /* Assets.xcassets */,
				CF8D78782CF5ED6600A59136 /* LaunchScreen.storyboard */,
				CF8D787B2CF5ED6600A59136 /* Info.plist */,
			);
			path = Greenly;
			sourceTree = "<group>";
		};
		CF8D78832CF5ED6600A59136 /* GreenlyTests */ = {
			isa = PBXGroup;
			children = (
				CF8D78842CF5ED6600A59136 /* GreenlyTests.swift */,
			);
			path = GreenlyTests;
			sourceTree = "<group>";
		};
		CF8D788D2CF5ED6700A59136 /* GreenlyUITests */ = {
			isa = PBXGroup;
			children = (
				CF8D788E2CF5ED6700A59136 /* GreenlyUITests.swift */,
				CF8D78902CF5ED6700A59136 /* GreenlyUITestsLaunchTests.swift */,
			);
			path = GreenlyUITests;
			sourceTree = "<group>";
		};
/* End PBXGroup section */

/* Begin PBXNativeTarget section */
		CF8D78692CF5ED6400A59136 /* Greenly */ = {
			isa = PBXNativeTarget;
			buildConfigurationList = CF8D78942CF5ED6700A59136 /* Build configuration list for PBXNativeTarget "Greenly" */;
			buildPhases = (
				CF8D78662CF5ED6400A59136 /* Sources */,
				CF8D78672CF5ED6400A59136 /* Frameworks */,
				CF8D78682CF5ED6400A59136 /* Resources */,
			);
			buildRules = (
			);
			dependencies = (
			);
			name = Greenly;
			packageProductDependencies = (
				CF6747522CF8A8BB00E9A704 /* FirebaseAuth */,
				CF6747542CF8A8BB00E9A704 /* FirebaseCore */,
				CF6747562CF8A8BB00E9A704 /* FirebaseDatabase */,
				CF6747582CF8A8BB00E9A704 /* FirebaseStorage */,
				CF67475B2CF8AE2500E9A704 /* FirebaseFirestore */,
			);
			productName = Greenly;
			productReference = CF8D786A2CF5ED6400A59136 /* Greenly.app */;
			productType = "com.apple.product-type.application";
		};
		CF8D787F2CF5ED6600A59136 /* GreenlyTests */ = {
			isa = PBXNativeTarget;
			buildConfigurationList = CF8D78972CF5ED6700A59136 /* Build configuration list for PBXNativeTarget "GreenlyTests" */;
			buildPhases = (
				CF8D787C2CF5ED6600A59136 /* Sources */,
				CF8D787D2CF5ED6600A59136 /* Frameworks */,
				CF8D787E2CF5ED6600A59136 /* Resources */,
			);
			buildRules = (
			);
			dependencies = (
				CF8D78822CF5ED6600A59136 /* PBXTargetDependency */,
			);
			name = GreenlyTests;
			productName = GreenlyTests;
			productReference = CF8D78802CF5ED6600A59136 /* GreenlyTests.xctest */;
			productType = "com.apple.product-type.bundle.unit-test";
		};
		CF8D78892CF5ED6700A59136 /* GreenlyUITests */ = {
			isa = PBXNativeTarget;
			buildConfigurationList = CF8D789A2CF5ED6700A59136 /* Build configuration list for PBXNativeTarget "GreenlyUITests" */;
			buildPhases = (
				CF8D78862CF5ED6700A59136 /* Sources */,
				CF8D78872CF5ED6700A59136 /* Frameworks */,
				CF8D78882CF5ED6700A59136 /* Resources */,
			);
			buildRules = (
			);
			dependencies = (
				CF8D788C2CF5ED6700A59136 /* PBXTargetDependency */,
			);
			name = GreenlyUITests;
			productName = GreenlyUITests;
			productReference = CF8D788A2CF5ED6700A59136 /* GreenlyUITests.xctest */;
			productType = "com.apple.product-type.bundle.ui-testing";
		};
/* End PBXNativeTarget section */

/* Begin PBXProject section */
		CF8D78622CF5ED6400A59136 /* Project object */ = {
			isa = PBXProject;
			attributes = {
				BuildIndependentTargetsInParallel = 1;
				LastSwiftUpdateCheck = 1520;
				LastUpgradeCheck = 1520;
				TargetAttributes = {
					CF8D78692CF5ED6400A59136 = {
						CreatedOnToolsVersion = 15.2;
					};
					CF8D787F2CF5ED6600A59136 = {
						CreatedOnToolsVersion = 15.2;
						TestTargetID = CF8D78692CF5ED6400A59136;
					};
					CF8D78892CF5ED6700A59136 = {
						CreatedOnToolsVersion = 15.2;
						TestTargetID = CF8D78692CF5ED6400A59136;
					};
				};
			};
			buildConfigurationList = CF8D78652CF5ED6400A59136 /* Build configuration list for PBXProject "Greenly" */;
			compatibilityVersion = "Xcode 14.0";
			developmentRegion = en;
			hasScannedForEncodings = 0;
			knownRegions = (
				en,
				Base,
			);
			mainGroup = CF8D78612CF5ED6400A59136;
			packageReferences = (
				CF6747512CF8A8BB00E9A704 /* XCRemoteSwiftPackageReference "firebase-ios-sdk" */,
			);
			productRefGroup = CF8D786B2CF5ED6400A59136 /* Products */;
			projectDirPath = "";
			projectRoot = "";
			targets = (
				CF8D78692CF5ED6400A59136 /* Greenly */,
				CF8D787F2CF5ED6600A59136 /* GreenlyTests */,
				CF8D78892CF5ED6700A59136 /* GreenlyUITests */,
			);
		};
/* End PBXProject section */

/* Begin PBXResourcesBuildPhase section */
		CF8D78682CF5ED6400A59136 /* Resources */ = {
			isa = PBXResourcesBuildPhase;
			buildActionMask = 2147483647;
			files = (
				CF8D787A2CF5ED6600A59136 /* LaunchScreen.storyboard in Resources */,
				CF67476C2CF8BCA100E9A704 /* StoreOrders.storyboard in Resources */,
				CF6747622CF8BC2600E9A704 /* CustomerHome.storyboard in Resources */,
				CF67476E2CF8BCAE00E9A704 /* ProductDetails.storyboard in Resources */,
				CF8D78772CF5ED6600A59136 /* Assets.xcassets in Resources */,
				CF67476A2CF8BC8C00E9A704 /* Cart.storyboard in Resources */,
				CF6747682CF8BC7F00E9A704 /* ImpactTracker.storyboard in Resources */,
				CF6747602CF8B61000E9A704 /* Setting.storyboard in Resources */,
				CF8D78752CF5ED6400A59136 /* Main.storyboard in Resources */,
				CF67474E2CF8A44B00E9A704 /* StoreOwner.storyboard in Resources */,
				CF67474C2CF8A3FC00E9A704 /* Admin.storyboard in Resources */,
				CF67475E2CF8B0A700E9A704 /* GoogleService-Info.plist in Resources */,
				CF6747642CF8BC3E00E9A704 /* OrderHistory.storyboard in Resources */,
			);
			runOnlyForDeploymentPostprocessing = 0;
		};
		CF8D787E2CF5ED6600A59136 /* Resources */ = {
			isa = PBXResourcesBuildPhase;
			buildActionMask = 2147483647;
			files = (
			);
			runOnlyForDeploymentPostprocessing = 0;
		};
		CF8D78882CF5ED6700A59136 /* Resources */ = {
			isa = PBXResourcesBuildPhase;
			buildActionMask = 2147483647;
			files = (
			);
			runOnlyForDeploymentPostprocessing = 0;
		};
/* End PBXResourcesBuildPhase section */

/* Begin PBXSourcesBuildPhase section */
		CF8D78662CF5ED6400A59136 /* Sources */ = {
			isa = PBXSourcesBuildPhase;
			buildActionMask = 2147483647;
			files = (
				CF6747702CF8BE6A00E9A704 /* SettingController.swift in Sources */,
				CF8D78722CF5ED6400A59136 /* ViewController.swift in Sources */,
				CF8D786E2CF5ED6400A59136 /* AppDelegate.swift in Sources */,
				CF8D78702CF5ED6400A59136 /* SceneDelegate.swift in Sources */,
				CF67474B2CF8A3FC00E9A704 /* AddTableViewController.swift in Sources */,
			);
			runOnlyForDeploymentPostprocessing = 0;
		};
		CF8D787C2CF5ED6600A59136 /* Sources */ = {
			isa = PBXSourcesBuildPhase;
			buildActionMask = 2147483647;
			files = (
				CF8D78852CF5ED6600A59136 /* GreenlyTests.swift in Sources */,
			);
			runOnlyForDeploymentPostprocessing = 0;
		};
		CF8D78862CF5ED6700A59136 /* Sources */ = {
			isa = PBXSourcesBuildPhase;
			buildActionMask = 2147483647;
			files = (
				CF8D788F2CF5ED6700A59136 /* GreenlyUITests.swift in Sources */,
				CF8D78912CF5ED6700A59136 /* GreenlyUITestsLaunchTests.swift in Sources */,
			);
			runOnlyForDeploymentPostprocessing = 0;
		};
/* End PBXSourcesBuildPhase section */

/* Begin PBXTargetDependency section */
		CF8D78822CF5ED6600A59136 /* PBXTargetDependency */ = {
			isa = PBXTargetDependency;
			target = CF8D78692CF5ED6400A59136 /* Greenly */;
			targetProxy = CF8D78812CF5ED6600A59136 /* PBXContainerItemProxy */;
		};
		CF8D788C2CF5ED6700A59136 /* PBXTargetDependency */ = {
			isa = PBXTargetDependency;
			target = CF8D78692CF5ED6400A59136 /* Greenly */;
			targetProxy = CF8D788B2CF5ED6700A59136 /* PBXContainerItemProxy */;
		};
/* End PBXTargetDependency section */

/* Begin PBXVariantGroup section */
		CF8D78732CF5ED6400A59136 /* Main.storyboard */ = {
			isa = PBXVariantGroup;
			children = (
				CF8D78742CF5ED6400A59136 /* Base */,
			);
			name = Main.storyboard;
			sourceTree = "<group>";
		};
		CF8D78782CF5ED6600A59136 /* LaunchScreen.storyboard */ = {
			isa = PBXVariantGroup;
			children = (
				CF8D78792CF5ED6600A59136 /* Base */,
			);
			name = LaunchScreen.storyboard;
			sourceTree = "<group>";
		};
/* End PBXVariantGroup section */

/* Begin XCBuildConfiguration section */
		CF8D78922CF5ED6700A59136 /* Debug */ = {
			isa = XCBuildConfiguration;
			buildSettings = {
				ALWAYS_SEARCH_USER_PATHS = NO;
				ASSETCATALOG_COMPILER_GENERATE_SWIFT_ASSET_SYMBOL_EXTENSIONS = YES;
				CLANG_ANALYZER_NONNULL = YES;
				CLANG_ANALYZER_NUMBER_OBJECT_CONVERSION = YES_AGGRESSIVE;
				CLANG_CXX_LANGUAGE_STANDARD = "gnu++20";
				CLANG_ENABLE_MODULES = YES;
				CLANG_ENABLE_OBJC_ARC = YES;
				CLANG_ENABLE_OBJC_WEAK = YES;
				CLANG_WARN_BLOCK_CAPTURE_AUTORELEASING = YES;
				CLANG_WARN_BOOL_CONVERSION = YES;
				CLANG_WARN_COMMA = YES;
				CLANG_WARN_CONSTANT_CONVERSION = YES;
				CLANG_WARN_DEPRECATED_OBJC_IMPLEMENTATIONS = YES;
				CLANG_WARN_DIRECT_OBJC_ISA_USAGE = YES_ERROR;
				CLANG_WARN_DOCUMENTATION_COMMENTS = YES;
				CLANG_WARN_EMPTY_BODY = YES;
				CLANG_WARN_ENUM_CONVERSION = YES;
				CLANG_WARN_INFINITE_RECURSION = YES;
				CLANG_WARN_INT_CONVERSION = YES;
				CLANG_WARN_NON_LITERAL_NULL_CONVERSION = YES;
				CLANG_WARN_OBJC_IMPLICIT_RETAIN_SELF = YES;
				CLANG_WARN_OBJC_LITERAL_CONVERSION = YES;
				CLANG_WARN_OBJC_ROOT_CLASS = YES_ERROR;
				CLANG_WARN_QUOTED_INCLUDE_IN_FRAMEWORK_HEADER = YES;
				CLANG_WARN_RANGE_LOOP_ANALYSIS = YES;
				CLANG_WARN_STRICT_PROTOTYPES = YES;
				CLANG_WARN_SUSPICIOUS_MOVE = YES;
				CLANG_WARN_UNGUARDED_AVAILABILITY = YES_AGGRESSIVE;
				CLANG_WARN_UNREACHABLE_CODE = YES;
				CLANG_WARN__DUPLICATE_METHOD_MATCH = YES;
				COPY_PHASE_STRIP = NO;
				DEBUG_INFORMATION_FORMAT = dwarf;
				ENABLE_STRICT_OBJC_MSGSEND = YES;
				ENABLE_TESTABILITY = YES;
				ENABLE_USER_SCRIPT_SANDBOXING = YES;
				GCC_C_LANGUAGE_STANDARD = gnu17;
				GCC_DYNAMIC_NO_PIC = NO;
				GCC_NO_COMMON_BLOCKS = YES;
				GCC_OPTIMIZATION_LEVEL = 0;
				GCC_PREPROCESSOR_DEFINITIONS = (
					"DEBUG=1",
					"$(inherited)",
				);
				GCC_WARN_64_TO_32_BIT_CONVERSION = YES;
				GCC_WARN_ABOUT_RETURN_TYPE = YES_ERROR;
				GCC_WARN_UNDECLARED_SELECTOR = YES;
				GCC_WARN_UNINITIALIZED_AUTOS = YES_AGGRESSIVE;
				GCC_WARN_UNUSED_FUNCTION = YES;
				GCC_WARN_UNUSED_VARIABLE = YES;
				IPHONEOS_DEPLOYMENT_TARGET = 17.2;
				LOCALIZATION_PREFERS_STRING_CATALOGS = YES;
				MTL_ENABLE_DEBUG_INFO = INCLUDE_SOURCE;
				MTL_FAST_MATH = YES;
				ONLY_ACTIVE_ARCH = YES;
				SDKROOT = iphoneos;
				SWIFT_ACTIVE_COMPILATION_CONDITIONS = "DEBUG $(inherited)";
				SWIFT_OPTIMIZATION_LEVEL = "-Onone";
			};
			name = Debug;
		};
		CF8D78932CF5ED6700A59136 /* Release */ = {
			isa = XCBuildConfiguration;
			buildSettings = {
				ALWAYS_SEARCH_USER_PATHS = NO;
				ASSETCATALOG_COMPILER_GENERATE_SWIFT_ASSET_SYMBOL_EXTENSIONS = YES;
				CLANG_ANALYZER_NONNULL = YES;
				CLANG_ANALYZER_NUMBER_OBJECT_CONVERSION = YES_AGGRESSIVE;
				CLANG_CXX_LANGUAGE_STANDARD = "gnu++20";
				CLANG_ENABLE_MODULES = YES;
				CLANG_ENABLE_OBJC_ARC = YES;
				CLANG_ENABLE_OBJC_WEAK = YES;
				CLANG_WARN_BLOCK_CAPTURE_AUTORELEASING = YES;
				CLANG_WARN_BOOL_CONVERSION = YES;
				CLANG_WARN_COMMA = YES;
				CLANG_WARN_CONSTANT_CONVERSION = YES;
				CLANG_WARN_DEPRECATED_OBJC_IMPLEMENTATIONS = YES;
				CLANG_WARN_DIRECT_OBJC_ISA_USAGE = YES_ERROR;
				CLANG_WARN_DOCUMENTATION_COMMENTS = YES;
				CLANG_WARN_EMPTY_BODY = YES;
				CLANG_WARN_ENUM_CONVERSION = YES;
				CLANG_WARN_INFINITE_RECURSION = YES;
				CLANG_WARN_INT_CONVERSION = YES;
				CLANG_WARN_NON_LITERAL_NULL_CONVERSION = YES;
				CLANG_WARN_OBJC_IMPLICIT_RETAIN_SELF = YES;
				CLANG_WARN_OBJC_LITERAL_CONVERSION = YES;
				CLANG_WARN_OBJC_ROOT_CLASS = YES_ERROR;
				CLANG_WARN_QUOTED_INCLUDE_IN_FRAMEWORK_HEADER = YES;
				CLANG_WARN_RANGE_LOOP_ANALYSIS = YES;
				CLANG_WARN_STRICT_PROTOTYPES = YES;
				CLANG_WARN_SUSPICIOUS_MOVE = YES;
				CLANG_WARN_UNGUARDED_AVAILABILITY = YES_AGGRESSIVE;
				CLANG_WARN_UNREACHABLE_CODE = YES;
				CLANG_WARN__DUPLICATE_METHOD_MATCH = YES;
				COPY_PHASE_STRIP = NO;
				DEBUG_INFORMATION_FORMAT = "dwarf-with-dsym";
				ENABLE_NS_ASSERTIONS = NO;
				ENABLE_STRICT_OBJC_MSGSEND = YES;
				ENABLE_USER_SCRIPT_SANDBOXING = YES;
				GCC_C_LANGUAGE_STANDARD = gnu17;
				GCC_NO_COMMON_BLOCKS = YES;
				GCC_WARN_64_TO_32_BIT_CONVERSION = YES;
				GCC_WARN_ABOUT_RETURN_TYPE = YES_ERROR;
				GCC_WARN_UNDECLARED_SELECTOR = YES;
				GCC_WARN_UNINITIALIZED_AUTOS = YES_AGGRESSIVE;
				GCC_WARN_UNUSED_FUNCTION = YES;
				GCC_WARN_UNUSED_VARIABLE = YES;
				IPHONEOS_DEPLOYMENT_TARGET = 17.2;
				LOCALIZATION_PREFERS_STRING_CATALOGS = YES;
				MTL_ENABLE_DEBUG_INFO = NO;
				MTL_FAST_MATH = YES;
				SDKROOT = iphoneos;
				SWIFT_COMPILATION_MODE = wholemodule;
				VALIDATE_PRODUCT = YES;
			};
			name = Release;
		};
		CF8D78952CF5ED6700A59136 /* Debug */ = {
			isa = XCBuildConfiguration;
			buildSettings = {
				ASSETCATALOG_COMPILER_APPICON_NAME = AppIcon;
				ASSETCATALOG_COMPILER_GLOBAL_ACCENT_COLOR_NAME = AccentColor;
				CODE_SIGN_STYLE = Automatic;
				CURRENT_PROJECT_VERSION = 1;
				GENERATE_INFOPLIST_FILE = YES;
				INFOPLIST_FILE = Greenly/Info.plist;
				INFOPLIST_KEY_UIApplicationSupportsIndirectInputEvents = YES;
				INFOPLIST_KEY_UILaunchStoryboardName = LaunchScreen;
				INFOPLIST_KEY_UIMainStoryboardFile = Main;
				INFOPLIST_KEY_UISupportedInterfaceOrientations_iPad = "UIInterfaceOrientationPortrait UIInterfaceOrientationPortraitUpsideDown UIInterfaceOrientationLandscapeLeft UIInterfaceOrientationLandscapeRight";
				INFOPLIST_KEY_UISupportedInterfaceOrientations_iPhone = "UIInterfaceOrientationPortrait UIInterfaceOrientationLandscapeLeft UIInterfaceOrientationLandscapeRight";
				LD_RUNPATH_SEARCH_PATHS = (
					"$(inherited)",
					"@executable_path/Frameworks",
				);
				MARKETING_VERSION = 1.0;
				PRODUCT_BUNDLE_IDENTIFIER = bp.polytechnic.Greenly;
				PRODUCT_NAME = "$(TARGET_NAME)";
				SWIFT_EMIT_LOC_STRINGS = YES;
				SWIFT_VERSION = 5.0;
				TARGETED_DEVICE_FAMILY = "1,2";
			};
			name = Debug;
		};
		CF8D78962CF5ED6700A59136 /* Release */ = {
			isa = XCBuildConfiguration;
			buildSettings = {
				ASSETCATALOG_COMPILER_APPICON_NAME = AppIcon;
				ASSETCATALOG_COMPILER_GLOBAL_ACCENT_COLOR_NAME = AccentColor;
				CODE_SIGN_STYLE = Automatic;
				CURRENT_PROJECT_VERSION = 1;
				GENERATE_INFOPLIST_FILE = YES;
				INFOPLIST_FILE = Greenly/Info.plist;
				INFOPLIST_KEY_UIApplicationSupportsIndirectInputEvents = YES;
				INFOPLIST_KEY_UILaunchStoryboardName = LaunchScreen;
				INFOPLIST_KEY_UIMainStoryboardFile = Main;
				INFOPLIST_KEY_UISupportedInterfaceOrientations_iPad = "UIInterfaceOrientationPortrait UIInterfaceOrientationPortraitUpsideDown UIInterfaceOrientationLandscapeLeft UIInterfaceOrientationLandscapeRight";
				INFOPLIST_KEY_UISupportedInterfaceOrientations_iPhone = "UIInterfaceOrientationPortrait UIInterfaceOrientationLandscapeLeft UIInterfaceOrientationLandscapeRight";
				LD_RUNPATH_SEARCH_PATHS = (
					"$(inherited)",
					"@executable_path/Frameworks",
				);
				MARKETING_VERSION = 1.0;
				PRODUCT_BUNDLE_IDENTIFIER = bp.polytechnic.Greenly;
				PRODUCT_NAME = "$(TARGET_NAME)";
				SWIFT_EMIT_LOC_STRINGS = YES;
				SWIFT_VERSION = 5.0;
				TARGETED_DEVICE_FAMILY = "1,2";
			};
			name = Release;
		};
		CF8D78982CF5ED6700A59136 /* Debug */ = {
			isa = XCBuildConfiguration;
			buildSettings = {
				ALWAYS_EMBED_SWIFT_STANDARD_LIBRARIES = YES;
				BUNDLE_LOADER = "$(TEST_HOST)";
				CODE_SIGN_STYLE = Automatic;
				CURRENT_PROJECT_VERSION = 1;
				GENERATE_INFOPLIST_FILE = YES;
				IPHONEOS_DEPLOYMENT_TARGET = 17.2;
				MARKETING_VERSION = 1.0;
				PRODUCT_BUNDLE_IDENTIFIER = bp.polytechnic.GreenlyTests;
				PRODUCT_NAME = "$(TARGET_NAME)";
				SWIFT_EMIT_LOC_STRINGS = NO;
				SWIFT_VERSION = 5.0;
				TARGETED_DEVICE_FAMILY = "1,2";
				TEST_HOST = "$(BUILT_PRODUCTS_DIR)/Greenly.app/$(BUNDLE_EXECUTABLE_FOLDER_PATH)/Greenly";
			};
			name = Debug;
		};
		CF8D78992CF5ED6700A59136 /* Release */ = {
			isa = XCBuildConfiguration;
			buildSettings = {
				ALWAYS_EMBED_SWIFT_STANDARD_LIBRARIES = YES;
				BUNDLE_LOADER = "$(TEST_HOST)";
				CODE_SIGN_STYLE = Automatic;
				CURRENT_PROJECT_VERSION = 1;
				GENERATE_INFOPLIST_FILE = YES;
				IPHONEOS_DEPLOYMENT_TARGET = 17.2;
				MARKETING_VERSION = 1.0;
				PRODUCT_BUNDLE_IDENTIFIER = bp.polytechnic.GreenlyTests;
				PRODUCT_NAME = "$(TARGET_NAME)";
				SWIFT_EMIT_LOC_STRINGS = NO;
				SWIFT_VERSION = 5.0;
				TARGETED_DEVICE_FAMILY = "1,2";
				TEST_HOST = "$(BUILT_PRODUCTS_DIR)/Greenly.app/$(BUNDLE_EXECUTABLE_FOLDER_PATH)/Greenly";
			};
			name = Release;
		};
		CF8D789B2CF5ED6700A59136 /* Debug */ = {
			isa = XCBuildConfiguration;
			buildSettings = {
				ALWAYS_EMBED_SWIFT_STANDARD_LIBRARIES = YES;
				CODE_SIGN_STYLE = Automatic;
				CURRENT_PROJECT_VERSION = 1;
				GENERATE_INFOPLIST_FILE = YES;
				MARKETING_VERSION = 1.0;
				PRODUCT_BUNDLE_IDENTIFIER = bp.polytechnic.GreenlyUITests;
				PRODUCT_NAME = "$(TARGET_NAME)";
				SWIFT_EMIT_LOC_STRINGS = NO;
				SWIFT_VERSION = 5.0;
				TARGETED_DEVICE_FAMILY = "1,2";
				TEST_TARGET_NAME = Greenly;
			};
			name = Debug;
		};
		CF8D789C2CF5ED6700A59136 /* Release */ = {
			isa = XCBuildConfiguration;
			buildSettings = {
				ALWAYS_EMBED_SWIFT_STANDARD_LIBRARIES = YES;
				CODE_SIGN_STYLE = Automatic;
				CURRENT_PROJECT_VERSION = 1;
				GENERATE_INFOPLIST_FILE = YES;
				MARKETING_VERSION = 1.0;
				PRODUCT_BUNDLE_IDENTIFIER = bp.polytechnic.GreenlyUITests;
				PRODUCT_NAME = "$(TARGET_NAME)";
				SWIFT_EMIT_LOC_STRINGS = NO;
				SWIFT_VERSION = 5.0;
				TARGETED_DEVICE_FAMILY = "1,2";
				TEST_TARGET_NAME = Greenly;
			};
			name = Release;
		};
/* End XCBuildConfiguration section */

/* Begin XCConfigurationList section */
		CF8D78652CF5ED6400A59136 /* Build configuration list for PBXProject "Greenly" */ = {
			isa = XCConfigurationList;
			buildConfigurations = (
				CF8D78922CF5ED6700A59136 /* Debug */,
				CF8D78932CF5ED6700A59136 /* Release */,
			);
			defaultConfigurationIsVisible = 0;
			defaultConfigurationName = Release;
		};
		CF8D78942CF5ED6700A59136 /* Build configuration list for PBXNativeTarget "Greenly" */ = {
			isa = XCConfigurationList;
			buildConfigurations = (
				CF8D78952CF5ED6700A59136 /* Debug */,
				CF8D78962CF5ED6700A59136 /* Release */,
			);
			defaultConfigurationIsVisible = 0;
			defaultConfigurationName = Release;
		};
		CF8D78972CF5ED6700A59136 /* Build configuration list for PBXNativeTarget "GreenlyTests" */ = {
			isa = XCConfigurationList;
			buildConfigurations = (
				CF8D78982CF5ED6700A59136 /* Debug */,
				CF8D78992CF5ED6700A59136 /* Release */,
			);
			defaultConfigurationIsVisible = 0;
			defaultConfigurationName = Release;
		};
		CF8D789A2CF5ED6700A59136 /* Build configuration list for PBXNativeTarget "GreenlyUITests" */ = {
			isa = XCConfigurationList;
			buildConfigurations = (
				CF8D789B2CF5ED6700A59136 /* Debug */,
				CF8D789C2CF5ED6700A59136 /* Release */,
			);
			defaultConfigurationIsVisible = 0;
			defaultConfigurationName = Release;
		};
/* End XCConfigurationList section */

/* Begin XCRemoteSwiftPackageReference section */
		CF6747512CF8A8BB00E9A704 /* XCRemoteSwiftPackageReference "firebase-ios-sdk" */ = {
			isa = XCRemoteSwiftPackageReference;
			repositoryURL = "https://github.com/firebase/firebase-ios-sdk";
			requirement = {
				kind = upToNextMajorVersion;
				minimumVersion = 11.5.0;
			};
		};
/* End XCRemoteSwiftPackageReference section */

/* Begin XCSwiftPackageProductDependency section */
		CF6747522CF8A8BB00E9A704 /* FirebaseAuth */ = {
			isa = XCSwiftPackageProductDependency;
			package = CF6747512CF8A8BB00E9A704 /* XCRemoteSwiftPackageReference "firebase-ios-sdk" */;
			productName = FirebaseAuth;
		};
		CF6747542CF8A8BB00E9A704 /* FirebaseCore */ = {
			isa = XCSwiftPackageProductDependency;
			package = CF6747512CF8A8BB00E9A704 /* XCRemoteSwiftPackageReference "firebase-ios-sdk" */;
			productName = FirebaseCore;
		};
		CF6747562CF8A8BB00E9A704 /* FirebaseDatabase */ = {
			isa = XCSwiftPackageProductDependency;
			package = CF6747512CF8A8BB00E9A704 /* XCRemoteSwiftPackageReference "firebase-ios-sdk" */;
			productName = FirebaseDatabase;
		};
		CF6747582CF8A8BB00E9A704 /* FirebaseStorage */ = {
			isa = XCSwiftPackageProductDependency;
			package = CF6747512CF8A8BB00E9A704 /* XCRemoteSwiftPackageReference "firebase-ios-sdk" */;
			productName = FirebaseStorage;
		};
		CF67475B2CF8AE2500E9A704 /* FirebaseFirestore */ = {
			isa = XCSwiftPackageProductDependency;
			package = CF6747512CF8A8BB00E9A704 /* XCRemoteSwiftPackageReference "firebase-ios-sdk" */;
			productName = FirebaseFirestore;
		};
/* End XCSwiftPackageProductDependency section */
	};
	rootObject = CF8D78622CF5ED6400A59136 /* Project object */;
}
